
Microsoft Visual Studio Solution File, Format Version 12.00
# Visual Studio Version 17
VisualStudioVersion = 17.5.002.0
MinimumVisualStudioVersion = 10.0.40219.1
Project("{2150E333-8FDC-42A3-9474-1A3956D46DE8}") = "csharp-prep", "csharp-prep", "{070C24B1-F611-4416-8181-51878472F0AD}"
EndProject
Project("{9A19103F-16F7-4668-BE54-9A1E7A4F7556}") = "Prep1", "csharp-prep\Prep1\Prep1.csproj", "{6BBEB629-6A42-4BDA-A1B4-B24DB4EDB00A}"
EndProject
Project("{9A19103F-16F7-4668-BE54-9A1E7A4F7556}") = "Prep2", "csharp-prep\Prep2\Prep2.csproj", "{04FADE0B-F4E0-4CA4-BD88-23CFAF5D558F}"
EndProject
Project("{9A19103F-16F7-4668-BE54-9A1E7A4F7556}") = "Prep3", "csharp-prep\Prep3\Prep3.csproj", "{08609692-CA3D-4CB3-B776-D5D19A58671E}"
EndProject
Project("{9A19103F-16F7-4668-BE54-9A1E7A4F7556}") = "Prep4", "csharp-prep\Prep4\Prep4.csproj", "{A4A4BF67-BBCD-4BBA-AC81-63B554853A6A}"
EndProject
Project("{9A19103F-16F7-4668-BE54-9A1E7A4F7556}") = "Prep5", "csharp-prep\Prep5\Prep5.csproj", "{DAEC37EF-CBCA-4099-8370-69870B8B3E99}"
EndProject
Project("{2150E333-8FDC-42A3-9474-1A3956D46DE8}") = "final", "final", "{1A56030B-F766-4E4A-8C96-CBB40B077592}"
EndProject
Project("{9A19103F-16F7-4668-BE54-9A1E7A4F7556}") = "FinalProject", "final\FinalProject\FinalProject.csproj", "{87FC2C84-02DC-4827-AA0C-E809A64C1524}"
EndProject
Project("{9A19103F-16F7-4668-BE54-9A1E7A4F7556}") = "Foundation1", "final\Foundation1\Foundation1.csproj", "{4C276EFA-8241-49C8-9AB4-9C80CBFC1120}"
EndProject
Project("{9A19103F-16F7-4668-BE54-9A1E7A4F7556}") = "Foundation2", "final\Foundation2\Foundation2.csproj", "{D81F1752-001D-49AC-92FF-D453A9DD9096}"
EndProject
Project("{9A19103F-16F7-4668-BE54-9A1E7A4F7556}") = "Foundation3", "final\Foundation3\Foundation3.csproj", "{FC158B29-7339-447F-AD9E-8D881465C799}"
EndProject
Project("{9A19103F-16F7-4668-BE54-9A1E7A4F7556}") = "Foundation4", "final\Foundation4\Foundation4.csproj", "{F27788FB-0E0F-4868-BE45-49530488BD03}"
EndProject
Project("{2150E333-8FDC-42A3-9474-1A3956D46DE8}") = "prepare", "prepare", "{44B65EE4-2A2C-43C9-B780-14C1B076A2E3}"
EndProject
Project("{9A19103F-16F7-4668-BE54-9A1E7A4F7556}") = "Learning02", "prepare\Learning02\Learning02.csproj", "{84C62E24-B62C-4333-84E9-913D30D75048}"
EndProject
Project("{9A19103F-16F7-4668-BE54-9A1E7A4F7556}") = "Learning03", "prepare\Learning03\Learning03.csproj", "{E1BB16D8-3FF2-4380-B113-B2051CC96839}"
EndProject
Project("{9A19103F-16F7-4668-BE54-9A1E7A4F7556}") = "Learning04", "prepare\Learning04\Learning04.csproj", "{9FAF7B8E-84C2-4E14-9CF9-F5F6BB268992}"
EndProject
Project("{9A19103F-16F7-4668-BE54-9A1E7A4F7556}") = "Learning05", "prepare\Learning05\Learning05.csproj", "{67640B29-FF7A-49DD-842D-91CB22FF6CE4}"
EndProject
Project("{2150E333-8FDC-42A3-9474-1A3956D46DE8}") = "prove", "prove", "{AFD419D2-3E8C-4796-A80D-7D432C8CA868}"
EndProject
Project("{9A19103F-16F7-4668-BE54-9A1E7A4F7556}") = "Develop02", "prove\Develop02\Develop02.csproj", "{E7663F09-ABBC-472A-B2A5-40AC3F98D27A}"
EndProject
Project("{9A19103F-16F7-4668-BE54-9A1E7A4F7556}") = "Develop03", "prove\Develop03\Develop03.csproj", "{9BEAF477-4C22-4D93-8D70-5D93AD65F260}"
EndProject
Project("{9A19103F-16F7-4668-BE54-9A1E7A4F7556}") = "Develop04", "prove\Develop04\Develop04.csproj", "{80CB95C0-D7CB-4512-BE9A-801067A77FB2}"
EndProject
Project("{9A19103F-16F7-4668-BE54-9A1E7A4F7556}") = "Develop05", "prove\Develop05\Develop05.csproj", "{A65E166F-1C6E-4729-B1BC-F73DCCF59607}"
EndProject
Project("{2150E333-8FDC-42A3-9474-1A3956D46DE8}") = "sandbox", "sandbox", "{737C226F-C852-4FCB-A2CB-0F29702942FC}"
EndProject
Project("{9A19103F-16F7-4668-BE54-9A1E7A4F7556}") = "Sandbox", "sandbox\Sandbox\Sandbox.csproj", "{4EE11893-B9FB-4501-8D6D-0B5F27A1E2FE}"
EndProject
Global
	GlobalSection(SolutionConfigurationPlatforms) = preSolution
		Debug|Any CPU = Debug|Any CPU
		Release|Any CPU = Release|Any CPU
	EndGlobalSection
	GlobalSection(ProjectConfigurationPlatforms) = postSolution
		{6BBEB629-6A42-4BDA-A1B4-B24DB4EDB00A}.Debug|Any CPU.ActiveCfg = Debug|Any CPU
		{6BBEB629-6A42-4BDA-A1B4-B24DB4EDB00A}.Debug|Any CPU.Build.0 = Debug|Any CPU
		{6BBEB629-6A42-4BDA-A1B4-B24DB4EDB00A}.Release|Any CPU.ActiveCfg = Release|Any CPU
		{6BBEB629-6A42-4BDA-A1B4-B24DB4EDB00A}.Release|Any CPU.Build.0 = Release|Any CPU
		{04FADE0B-F4E0-4CA4-BD88-23CFAF5D558F}.Debug|Any CPU.ActiveCfg = Debug|Any CPU
		{04FADE0B-F4E0-4CA4-BD88-23CFAF5D558F}.Debug|Any CPU.Build.0 = Debug|Any CPU
		{04FADE0B-F4E0-4CA4-BD88-23CFAF5D558F}.Release|Any CPU.ActiveCfg = Release|Any CPU
		{04FADE0B-F4E0-4CA4-BD88-23CFAF5D558F}.Release|Any CPU.Build.0 = Release|Any CPU
		{08609692-CA3D-4CB3-B776-D5D19A58671E}.Debug|Any CPU.ActiveCfg = Debug|Any CPU
		{08609692-CA3D-4CB3-B776-D5D19A58671E}.Debug|Any CPU.Build.0 = Debug|Any CPU
		{08609692-CA3D-4CB3-B776-D5D19A58671E}.Release|Any CPU.ActiveCfg = Release|Any CPU
		{08609692-CA3D-4CB3-B776-D5D19A58671E}.Release|Any CPU.Build.0 = Release|Any CPU
		{A4A4BF67-BBCD-4BBA-AC81-63B554853A6A}.Debug|Any CPU.ActiveCfg = Debug|Any CPU
		{A4A4BF67-BBCD-4BBA-AC81-63B554853A6A}.Debug|Any CPU.Build.0 = Debug|Any CPU
		{A4A4BF67-BBCD-4BBA-AC81-63B554853A6A}.Release|Any CPU.ActiveCfg = Release|Any CPU
		{A4A4BF67-BBCD-4BBA-AC81-63B554853A6A}.Release|Any CPU.Build.0 = Release|Any CPU
		{DAEC37EF-CBCA-4099-8370-69870B8B3E99}.Debug|Any CPU.ActiveCfg = Debug|Any CPU
		{DAEC37EF-CBCA-4099-8370-69870B8B3E99}.Debug|Any CPU.Build.0 = Debug|Any CPU
		{DAEC37EF-CBCA-4099-8370-69870B8B3E99}.Release|Any CPU.ActiveCfg = Release|Any CPU
		{DAEC37EF-CBCA-4099-8370-69870B8B3E99}.Release|Any CPU.Build.0 = Release|Any CPU
		{87FC2C84-02DC-4827-AA0C-E809A64C1524}.Debug|Any CPU.ActiveCfg = Debug|Any CPU
		{87FC2C84-02DC-4827-AA0C-E809A64C1524}.Debug|Any CPU.Build.0 = Debug|Any CPU
		{87FC2C84-02DC-4827-AA0C-E809A64C1524}.Release|Any CPU.ActiveCfg = Release|Any CPU
		{87FC2C84-02DC-4827-AA0C-E809A64C1524}.Release|Any CPU.Build.0 = Release|Any CPU
		{4C276EFA-8241-49C8-9AB4-9C80CBFC1120}.Debug|Any CPU.ActiveCfg = Debug|Any CPU
		{4C276EFA-8241-49C8-9AB4-9C80CBFC1120}.Debug|Any CPU.Build.0 = Debug|Any CPU
		{4C276EFA-8241-49C8-9AB4-9C80CBFC1120}.Release|Any CPU.ActiveCfg = Release|Any CPU
		{4C276EFA-8241-49C8-9AB4-9C80CBFC1120}.Release|Any CPU.Build.0 = Release|Any CPU
		{D81F1752-001D-49AC-92FF-D453A9DD9096}.Debug|Any CPU.ActiveCfg = Debug|Any CPU
		{D81F1752-001D-49AC-92FF-D453A9DD9096}.Debug|Any CPU.Build.0 = Debug|Any CPU
		{D81F1752-001D-49AC-92FF-D453A9DD9096}.Release|Any CPU.ActiveCfg = Release|Any CPU
		{D81F1752-001D-49AC-92FF-D453A9DD9096}.Release|Any CPU.Build.0 = Release|Any CPU
		{FC158B29-7339-447F-AD9E-8D881465C799}.Debug|Any CPU.ActiveCfg = Debug|Any CPU
		{FC158B29-7339-447F-AD9E-8D881465C799}.Debug|Any CPU.Build.0 = Debug|Any CPU
		{FC158B29-7339-447F-AD9E-8D881465C799}.Release|Any CPU.ActiveCfg = Release|Any CPU
		{FC158B29-7339-447F-AD9E-8D881465C799}.Release|Any CPU.Build.0 = Release|Any CPU
		{F27788FB-0E0F-4868-BE45-49530488BD03}.Debug|Any CPU.ActiveCfg = Debug|Any CPU
		{F27788FB-0E0F-4868-BE45-49530488BD03}.Debug|Any CPU.Build.0 = Debug|Any CPU
		{F27788FB-0E0F-4868-BE45-49530488BD03}.Release|Any CPU.ActiveCfg = Release|Any CPU
		{F27788FB-0E0F-4868-BE45-49530488BD03}.Release|Any CPU.Build.0 = Release|Any CPU
		{84C62E24-B62C-4333-84E9-913D30D75048}.Debug|Any CPU.ActiveCfg = Debug|Any CPU
		{84C62E24-B62C-4333-84E9-913D30D75048}.Debug|Any CPU.Build.0 = Debug|Any CPU
		{84C62E24-B62C-4333-84E9-913D30D75048}.Release|Any CPU.ActiveCfg = Release|Any CPU
		{84C62E24-B62C-4333-84E9-913D30D75048}.Release|Any CPU.Build.0 = Release|Any CPU
		{E1BB16D8-3FF2-4380-B113-B2051CC96839}.Debug|Any CPU.ActiveCfg = Debug|Any CPU
		{E1BB16D8-3FF2-4380-B113-B2051CC96839}.Debug|Any CPU.Build.0 = Debug|Any CPU
		{E1BB16D8-3FF2-4380-B113-B2051CC96839}.Release|Any CPU.ActiveCfg = Release|Any CPU
		{E1BB16D8-3FF2-4380-B113-B2051CC96839}.Release|Any CPU.Build.0 = Release|Any CPU
		{9FAF7B8E-84C2-4E14-9CF9-F5F6BB268992}.Debug|Any CPU.ActiveCfg = Debug|Any CPU
		{9FAF7B8E-84C2-4E14-9CF9-F5F6BB268992}.Debug|Any CPU.Build.0 = Debug|Any CPU
		{9FAF7B8E-84C2-4E14-9CF9-F5F6BB268992}.Release|Any CPU.ActiveCfg = Release|Any CPU
		{9FAF7B8E-84C2-4E14-9CF9-F5F6BB268992}.Release|Any CPU.Build.0 = Release|Any CPU
		{67640B29-FF7A-49DD-842D-91CB22FF6CE4}.Debug|Any CPU.ActiveCfg = Debug|Any CPU
		{67640B29-FF7A-49DD-842D-91CB22FF6CE4}.Debug|Any CPU.Build.0 = Debug|Any CPU
		{67640B29-FF7A-49DD-842D-91CB22FF6CE4}.Release|Any CPU.ActiveCfg = Release|Any CPU
		{67640B29-FF7A-49DD-842D-91CB22FF6CE4}.Release|Any CPU.Build.0 = Release|Any CPU
		{E7663F09-ABBC-472A-B2A5-40AC3F98D27A}.Debug|Any CPU.ActiveCfg = Debug|Any CPU
		{E7663F09-ABBC-472A-B2A5-40AC3F98D27A}.Debug|Any CPU.Build.0 = Debug|Any CPU
		{E7663F09-ABBC-472A-B2A5-40AC3F98D27A}.Release|Any CPU.ActiveCfg = Release|Any CPU
		{E7663F09-ABBC-472A-B2A5-40AC3F98D27A}.Release|Any CPU.Build.0 = Release|Any CPU
		{9BEAF477-4C22-4D93-8D70-5D93AD65F260}.Debug|Any CPU.ActiveCfg = Debug|Any CPU
		{9BEAF477-4C22-4D93-8D70-5D93AD65F260}.Debug|Any CPU.Build.0 = Debug|Any CPU
		{9BEAF477-4C22-4D93-8D70-5D93AD65F260}.Release|Any CPU.ActiveCfg = Release|Any CPU
		{9BEAF477-4C22-4D93-8D70-5D93AD65F260}.Release|Any CPU.Build.0 = Release|Any CPU
		{80CB95C0-D7CB-4512-BE9A-801067A77FB2}.Debug|Any CPU.ActiveCfg = Debug|Any CPU
		{80CB95C0-D7CB-4512-BE9A-801067A77FB2}.Debug|Any CPU.Build.0 = Debug|Any CPU
		{80CB95C0-D7CB-4512-BE9A-801067A77FB2}.Release|Any CPU.ActiveCfg = Release|Any CPU
		{80CB95C0-D7CB-4512-BE9A-801067A77FB2}.Release|Any CPU.Build.0 = Release|Any CPU
		{A65E166F-1C6E-4729-B1BC-F73DCCF59607}.Debug|Any CPU.ActiveCfg = Debug|Any CPU
		{A65E166F-1C6E-4729-B1BC-F73DCCF59607}.Debug|Any CPU.Build.0 = Debug|Any CPU
		{A65E166F-1C6E-4729-B1BC-F73DCCF59607}.Release|Any CPU.ActiveCfg = Release|Any CPU
		{A65E166F-1C6E-4729-B1BC-F73DCCF59607}.Release|Any CPU.Build.0 = Release|Any CPU
		{4EE11893-B9FB-4501-8D6D-0B5F27A1E2FE}.Debug|Any CPU.ActiveCfg = Debug|Any CPU
		{4EE11893-B9FB-4501-8D6D-0B5F27A1E2FE}.Debug|Any CPU.Build.0 = Debug|Any CPU
		{4EE11893-B9FB-4501-8D6D-0B5F27A1E2FE}.Release|Any CPU.ActiveCfg = Release|Any CPU
		{4EE11893-B9FB-4501-8D6D-0B5F27A1E2FE}.Release|Any CPU.Build.0 = Release|Any CPU
	EndGlobalSection
	GlobalSection(SolutionProperties) = preSolution
		HideSolutionNode = FALSE
	EndGlobalSection
	GlobalSection(NestedProjects) = preSolution
		{6BBEB629-6A42-4BDA-A1B4-B24DB4EDB00A} = {070C24B1-F611-4416-8181-51878472F0AD}
		{04FADE0B-F4E0-4CA4-BD88-23CFAF5D558F} = {070C24B1-F611-4416-8181-51878472F0AD}
		{08609692-CA3D-4CB3-B776-D5D19A58671E} = {070C24B1-F611-4416-8181-51878472F0AD}
		{A4A4BF67-BBCD-4BBA-AC81-63B554853A6A} = {070C24B1-F611-4416-8181-51878472F0AD}
		{DAEC37EF-CBCA-4099-8370-69870B8B3E99} = {070C24B1-F611-4416-8181-51878472F0AD}
		{87FC2C84-02DC-4827-AA0C-E809A64C1524} = {1A56030B-F766-4E4A-8C96-CBB40B077592}
		{4C276EFA-8241-49C8-9AB4-9C80CBFC1120} = {1A56030B-F766-4E4A-8C96-CBB40B077592}
		{D81F1752-001D-49AC-92FF-D453A9DD9096} = {1A56030B-F766-4E4A-8C96-CBB40B077592}
		{FC158B29-7339-447F-AD9E-8D881465C799} = {1A56030B-F766-4E4A-8C96-CBB40B077592}
		{F27788FB-0E0F-4868-BE45-49530488BD03} = {1A56030B-F766-4E4A-8C96-CBB40B077592}
		{84C62E24-B62C-4333-84E9-913D30D75048} = {44B65EE4-2A2C-43C9-B780-14C1B076A2E3}
		{E1BB16D8-3FF2-4380-B113-B2051CC96839} = {44B65EE4-2A2C-43C9-B780-14C1B076A2E3}
		{9FAF7B8E-84C2-4E14-9CF9-F5F6BB268992} = {44B65EE4-2A2C-43C9-B780-14C1B076A2E3}
		{67640B29-FF7A-49DD-842D-91CB22FF6CE4} = {44B65EE4-2A2C-43C9-B780-14C1B076A2E3}
		{E7663F09-ABBC-472A-B2A5-40AC3F98D27A} = {AFD419D2-3E8C-4796-A80D-7D432C8CA868}
		{9BEAF477-4C22-4D93-8D70-5D93AD65F260} = {AFD419D2-3E8C-4796-A80D-7D432C8CA868}
		{80CB95C0-D7CB-4512-BE9A-801067A77FB2} = {AFD419D2-3E8C-4796-A80D-7D432C8CA868}
		{A65E166F-1C6E-4729-B1BC-F73DCCF59607} = {AFD419D2-3E8C-4796-A80D-7D432C8CA868}
		{4EE11893-B9FB-4501-8D6D-0B5F27A1E2FE} = {737C226F-C852-4FCB-A2CB-0F29702942FC}
	EndGlobalSection
	GlobalSection(ExtensibilityGlobals) = postSolution
		SolutionGuid = {391AE8A5-06B0-4F63-8CD4-33641CFDB9F9}
	EndGlobalSection
EndGlobal
