
Microsoft Visual Studio Solution File, Format Version 12.00
# Visual Studio Version 17
VisualStudioVersion = 17.5.002.0
MinimumVisualStudioVersion = 10.0.40219.1
Project("{9A19103F-16F7-4668-BE54-9A1E7A4F7556}") = "Foundation4", "Foundation4.csproj", "{026A754A-0F45-4109-A84B-6F44FBA5180D}"
EndProject
Global
	GlobalSection(SolutionConfigurationPlatforms) = preSolution
		Debug|Any CPU = Debug|Any CPU
		Release|Any CPU = Release|Any CPU
	EndGlobalSection
	GlobalSection(ProjectConfigurationPlatforms) = postSolution
		{026A754A-0F45-4109-A84B-6F44FBA5180D}.Debug|Any CPU.ActiveCfg = Debug|Any CPU
		{026A754A-0F45-4109-A84B-6F44FBA5180D}.Debug|Any CPU.Build.0 = Debug|Any CPU
		{026A754A-0F45-4109-A84B-6F44FBA5180D}.Release|Any CPU.ActiveCfg = Release|Any CPU
		{026A754A-0F45-4109-A84B-6F44FBA5180D}.Release|Any CPU.Build.0 = Release|Any CPU
	EndGlobalSection
	GlobalSection(SolutionProperties) = preSolution
		HideSolutionNode = FALSE
	EndGlobalSection
	GlobalSection(ExtensibilityGlobals) = postSolution
		SolutionGuid = {E08CB1B7-D62B-4059-8832-4E020615C9AD}
	EndGlobalSection
EndGlobal
